
Microsoft Visual Studio Solution File, Format Version 12.00
# Visual Studio Version 16
VisualStudioVersion = 16.0.29609.76
MinimumVisualStudioVersion = 10.0.40219.1
Project("{FAE04EC0-301F-11D3-BF4B-00C04F79EFBC}") = "PasswordManager", "WpfApp1\PasswordManager.csproj", "{AC200F9B-451C-4B65-ACCE-28B8C0B532B6}"
EndProject
Global
	GlobalSection(SolutionConfigurationPlatforms) = preSolution
		Debug|Any CPU = Debug|Any CPU
		Release|Any CPU = Release|Any CPU
	EndGlobalSection
	GlobalSection(ProjectConfigurationPlatforms) = postSolution
		{AC200F9B-451C-4B65-ACCE-28B8C0B532B6}.Debug|Any CPU.ActiveCfg = Debug|Any CPU
		{AC200F9B-451C-4B65-ACCE-28B8C0B532B6}.Debug|Any CPU.Build.0 = Debug|Any CPU
		{AC200F9B-451C-4B65-ACCE-28B8C0B532B6}.Release|Any CPU.ActiveCfg = Release|Any CPU
		{AC200F9B-451C-4B65-ACCE-28B8C0B532B6}.Release|Any CPU.Build.0 = Release|Any CPU
	EndGlobalSection
	GlobalSection(SolutionProperties) = preSolution
		HideSolutionNode = FALSE
	EndGlobalSection
	GlobalSection(ExtensibilityGlobals) = postSolution
		SolutionGuid = {DC6250E8-FBFD-46AB-B97D-59B1092FBC58}
	EndGlobalSection
EndGlobal
